webtyp.com/color v0.1.2 h1:PN2vx9jtlwFsu2juQoaj0GEJMY/ex3fQDcop20V8+ik=
webtyp.com/color v0.1.2/go.mod h1:p5n4e0KRiPavkkQajtQKoMAU7C+1yx86AZlzMWTJhC8=
webtyp.com/components v0.8.0 h1:phDUDHkqKDe/mordZ/WMHWBF3u+Jg8MaSGS9RPlhHLc=
webtyp.com/components v0.8.0/go.mod h1:zNLytBEsoC4tCHrKLJhz0o0fGvpQH4fwuFBl8ZQQ46M=
webtyp.com/css v0.4.24 h1:pHXlOHkChjkn5ZEMd1hRS+1+kGbJe+I1UVspghyKDig=
webtyp.com/css v0.4.24/go.mod h1:qbi0OpxKohFtrEzMCFmcM8w1LaLGSd+Nlw+LzLSNZhU=
webtyp.com/date v0.0.7 h1:b4+4I2BHTGHmZocoOJtQ+poZt3jPaKvvRpmBP1SZ8dY=
webtyp.com/date v0.0.7/go.mod h1:fAoR0H0V1lNUp7ubtXkKMPw1qMyQcccDONRTanw57GU=
webtyp.com/ddl v0.0.20 h1:VcwvL4ULrAj46PM/XPguJwiXjTH5xO0OkW9BxslDD1M=
webtyp.com/ddl v0.0.20/go.mod h1:6V0yoLSfnFPukGtNC565GQMt2eGRl2QbB0rOlv8eo0s=
webtyp.com/dom v0.13.19 h1:9iuL6aoSdc0/cTCb0fa0bYDBpgKfRjJwl1ziaeazRDo=
webtyp.com/dom v0.13.19/go.mod h1:p7Vl/6A0VR3GU+NHR4Ggn0oTnRRBPUZ9+RziR5tDB4Q=
webtyp.com/events v0.0.6 h1:ib/yQJRfCKE0rr78JXB7WKF/c5Olc+rE4XAnAt+CWrY=
webtyp.com/events v0.0.6/go.mod h1:1E5bS9jnSYK6MlAO24ZPuLutw0+afuu9VkuXZ6u2Jx8=
webtyp.com/fmt v1.0.0 h1:W0vMMGC6ezg1q2LarAEaVnNvZ26hVqzZdQQH1wcNogM=
webtyp.com/fmt v1.0.0/go.mod h1:FmTxx713R45J21kbH5JOmKGaaCap3fJPA9Yl2n4Ch7U=
webtyp.com/font v0.0.5 h1:EqjnVf8PPdRo4e+dRBBv+HaUqi0IeZjjNwsKexfqyIk=
webtyp.com/font v0.0.5/go.mod h1:N/3YKN5z5qlVGVFM7Rdc4iOG2Yba+EOru/bzKJARaCM=
webtyp.com/form v0.4.19 h1:dWBfC3t5r24zR6K1w4VEJH163VMkRu5ceGTO5Jk/khU=
webtyp.com/form v0.4.19/go.mod h1:/sJuI98fJK4PeoIfQWalVqgDnQVNpxTQNV9Nwk5Nmbc=
webtyp.com/html v0.0.26 h1:kmC1jSD2ogRS4361CWgGQdbLsKQotNLz0neGkR6NK2E=
webtyp.com/html v0.0.26/go.mod h1:kHkwkiFq9JJgPv17/GxOUzC3OfiSxMNhduQQwEY8WI4=
webtyp.com/input v0.0.10 h1:mNOSBqId7WqJH+sT6SxmMBom9l1q61ntFT9EjNzik7c=
webtyp.com/input v0.0.10/go.mod h1:G4oOhJLm3Lvp4JVIhMs0LzGnFM0GC+b7rbmS15djQ2I=
webtyp.com/json v0.5.27 h1:QNljdAHaKJfi9FdToMvWDxAa/taHUJ8yNbkksGT4hUc=
webtyp.com/json v0.5.27/go.mod h1:kIAtefqg9B8tHtYWelE6PAtpBILwuV61+9n+2bU/lxw=
webtyp.com/layout v0.3.2 h1:t4v6ItNzUIOWjf5BgMkbEmfJhdKvv1+eNh7xLvtCUZQ=
webtyp.com/layout v0.3.2/go.mod h1:8ThnrPXu1dvYZrVqNDIIfN3cj6f5tFh8C+s4QPMm3RU=
webtyp.com/model v0.2.2 h1:9+yUcKgnbZombAmnXsKXdCWXWNq5ZgdKDFJj0V102g8=
webtyp.com/model v0.2.2/go.mod h1:OkyYeE3GOG8eAQGhd9wVsORAhr+xYj3q8avpoGXG25c=
webtyp.com/orm v0.12.6 h1:6L3I6tcv0a4i5KOt72HehcE6iWFS2tQFDDGvm27Ks5g=
webtyp.com/orm v0.12.6/go.mod h1:UIilpla9jiyVHMuu6he80FfIvgGcLsorjlLIASfI6WU=
webtyp.com/router v0.3.0 h1:/lfCibuc2UHuADk0u64Cfr6FZt5cfHJO/HIz6I1AjJI=
webtyp.com/router v0.3.0/go.mod h1:vq9bDpR18oNflHXZmbE2IOlGduRJqPugKDWe2mm6nk4=
webtyp.com/storage v0.1.1 h1:8RgDEpdaVfLjX+ttl8ltEp8ZPl9Hq56BxpJp8YraN8o=
webtyp.com/storage v0.1.1/go.mod h1:mh9CB3BbNXGvw+oNBJlUNOpBQ5dMZAS1gAFQamq7H2k=
webtyp.com/svg v0.3.14 h1:o7jOv6LaZQJpjkESHxMcsMccc11dvLQRvrG5xc9vG8g=
webtyp.com/svg v0.3.14/go.mod h1:ro5kMrbLOtwWtorrBnlORRsATY6JWmG9AVZgnzrGTSU=
webtyp.com/time v0.5.7 h1:4AoyN4vnDXxxdePcHu59F+YlhjgHJwv7svWGMtpuq6w=
webtyp.com/time v0.5.7/go.mod h1:V6ew493Rk+an2mV77vVjytPAbtlsELVZ4O4wGqu4tUI=
webtyp.com/unixid v0.2.28 h1:uIZb9zRLQtR4BOsBtJfyI2OcYklCeo1nrRaGqzVXQ9s=
webtyp.com/unixid v0.2.28/go.mod h1:/3O8fu/eCARIrnT6WMu9MpLsAXKdfnVI3s35+m/CbY4=
webtyp.com/view v0.6.10 h1:RqaQkDeArhGG7zttkAs2ZLUTTcttngOZxWjsbk/GDmc=
webtyp.com/view v0.6.10/go.mod h1:3tQT7w8Nb7xHSDTo8bPA0F9+4FcqjYzOCgH/RC3VKYY=
webtyp.com/widget v0.6.32 h1:L4A1bH0uz3DlhEdBTWDgpQrXxZR+7PrWWsw2x45KBh4=
webtyp.com/widget v0.6.32/go.mod h1:vcf+uuV5gXNji31NhQ4xW3fDji70Ui4XikjW1VV32eQ=
